{
  "name": "crud with image",
  "lockfileVersion": 3,
  "requires": true,
  "packages": {
    "": {
      "dependencies": {
        "nodemailer": "^6.9.11",
        "randomstring": "^1.3.0"
      }
    },
    "node_modules/nodemailer": {
      "version": "6.9.11",
      "resolved": "https://registry.npmjs.org/nodemailer/-/nodemailer-6.9.11.tgz",
      "integrity": "sha512-UiAkgiERuG94kl/3bKfE8o10epvDnl0vokNEtZDPTq9BWzIl6EFT9336SbIT4oaTBD8NmmUTLsQyXHV82eXSWg==",
      "engines": {
        "node": ">=6.0.0"
      }
    },
    "node_modules/randombytes": {
      "version": "2.0.3",
      "resolved": "https://registry.npmjs.org/randombytes/-/randombytes-2.0.3.tgz",
      "integrity": "sha512-lDVjxQQFoCG1jcrP06LNo2lbWp4QTShEXnhActFBwYuHprllQV6VUpwreApsYqCgD+N1mHoqJ/BI/4eV4R2GYg=="
    },
    "node_modules/randomstring": {
      "version": "1.3.0",
      "resolved": "https://registry.npmjs.org/randomstring/-/randomstring-1.3.0.tgz",
      "integrity": "sha512-gY7aQ4i1BgwZ8I1Op4YseITAyiDiajeZOPQUbIq9TPGPhUm5FX59izIaOpmKbME1nmnEiABf28d9K2VSii6BBg==",
      "dependencies": {
        "randombytes": "2.0.3"
      },
      "bin": {
        "randomstring": "bin/randomstring"
      },
      "engines": {
        "node": "*"
      }
    }
  }
}
